
Microsoft Visual Studio Solution File, Format Version 12.00
# Visual Studio Version 16
VisualStudioVersion = 16.0.30804.86
MinimumVisualStudioVersion = 10.0.40219.1
Project("{9A19103F-16F7-4668-BE54-9A1E7A4F7556}") = "ConsoleGame", "ConsoleGame\ConsoleGame.csproj", "{AE45737E-7079-439C-AF9E-C1BD7C61C7EE}"
EndProject
Project("{9A19103F-16F7-4668-BE54-9A1E7A4F7556}") = "KeyShort", "KeyShort\KeyShort.csproj", "{6042F0D8-DB93-49D5-9C51-22DE1846B072}"
EndProject
Project("{FAE04EC0-301F-11D3-BF4B-00C04F79EFBC}") = "LifeGame", "LifeGame\LifeGame.csproj", "{686AA5F7-AD6F-448D-94E9-608E89BF70D1}"
EndProject
Global
	GlobalSection(SolutionConfigurationPlatforms) = preSolution
		Debug|Any CPU = Debug|Any CPU
		Release|Any CPU = Release|Any CPU
	EndGlobalSection
	GlobalSection(ProjectConfigurationPlatforms) = postSolution
		{AE45737E-7079-439C-AF9E-C1BD7C61C7EE}.Debug|Any CPU.ActiveCfg = Debug|Any CPU
		{AE45737E-7079-439C-AF9E-C1BD7C61C7EE}.Debug|Any CPU.Build.0 = Debug|Any CPU
		{AE45737E-7079-439C-AF9E-C1BD7C61C7EE}.Release|Any CPU.ActiveCfg = Release|Any CPU
		{AE45737E-7079-439C-AF9E-C1BD7C61C7EE}.Release|Any CPU.Build.0 = Release|Any CPU
		{6042F0D8-DB93-49D5-9C51-22DE1846B072}.Debug|Any CPU.ActiveCfg = Debug|Any CPU
		{6042F0D8-DB93-49D5-9C51-22DE1846B072}.Debug|Any CPU.Build.0 = Debug|Any CPU
		{6042F0D8-DB93-49D5-9C51-22DE1846B072}.Release|Any CPU.ActiveCfg = Release|Any CPU
		{6042F0D8-DB93-49D5-9C51-22DE1846B072}.Release|Any CPU.Build.0 = Release|Any CPU
		{686AA5F7-AD6F-448D-94E9-608E89BF70D1}.Debug|Any CPU.ActiveCfg = Debug|Any CPU
		{686AA5F7-AD6F-448D-94E9-608E89BF70D1}.Debug|Any CPU.Build.0 = Debug|Any CPU
		{686AA5F7-AD6F-448D-94E9-608E89BF70D1}.Release|Any CPU.ActiveCfg = Release|Any CPU
		{686AA5F7-AD6F-448D-94E9-608E89BF70D1}.Release|Any CPU.Build.0 = Release|Any CPU
	EndGlobalSection
	GlobalSection(SolutionProperties) = preSolution
		HideSolutionNode = FALSE
	EndGlobalSection
	GlobalSection(ExtensibilityGlobals) = postSolution
		SolutionGuid = {741FE9A6-386A-48F5-988E-22BA6A4C8118}
	EndGlobalSection
EndGlobal
